// !$*UTF8*$!
{
	archiveVersion = 1;
	classes = {
	};
	objectVersion = 50;
	objects = {

/* Begin PBXBuildFile section */
		CD1947D922827E8A00057FDB /* AppDelegate.swift in Sources */ = {isa = PBXBuildFile; fileRef = CD1947D822827E8A00057FDB /* AppDelegate.swift */; };
		CD1947DE22827E8B00057FDB /* Main.storyboard in Resources */ = {isa = PBXBuildFile; fileRef = CD1947DC22827E8B00057FDB /* Main.storyboard */; };
		CD1947E122827E8B00057FDB /* lap09coreData.xcdatamodeld in Sources */ = {isa = PBXBuildFile; fileRef = CD1947DF22827E8B00057FDB /* lap09coreData.xcdatamodeld */; };
		CD1947E322827E8C00057FDB /* Assets.xcassets in Resources */ = {isa = PBXBuildFile; fileRef = CD1947E222827E8C00057FDB /* Assets.xcassets */; };
		CD1947E622827E8C00057FDB /* LaunchScreen.storyboard in Resources */ = {isa = PBXBuildFile; fileRef = CD1947E422827E8C00057FDB /* LaunchScreen.storyboard */; };
		CD1947EE22828DE100057FDB /* RootTableViewController.swift in Sources */ = {isa = PBXBuildFile; fileRef = CD1947ED22828DE100057FDB /* RootTableViewController.swift */; };
		CD1947F022828DF100057FDB /* SaveViewController.swift in Sources */ = {isa = PBXBuildFile; fileRef = CD1947EF22828DF100057FDB /* SaveViewController.swift */; };
/* End PBXBuildFile section */

/* Begin PBXFileReference section */
		CD1947D522827E8A00057FDB /* lap09coreData.app */ = {isa = PBXFileReference; explicitFileType = wrapper.application; includeInIndex = 0; path = lap09coreData.app; sourceTree = BUILT_PRODUCTS_DIR; };
		CD1947D822827E8A00057FDB /* AppDelegate.swift */ = {isa = PBXFileReference; lastKnownFileType = sourcecode.swift; path = AppDelegate.swift; sourceTree = "<group>"; };
		CD1947DD22827E8B00057FDB /* Base */ = {isa = PBXFileReference; lastKnownFileType = file.storyboard; name = Base; path = Base.lproj/Main.storyboard; sourceTree = "<group>"; };
		CD1947E022827E8B00057FDB /* lap09coreData.xcdatamodel */ = {isa = PBXFileReference; lastKnownFileType = wrapper.xcdatamodel; path = lap09coreData.xcdatamodel; sourceTree = "<group>"; };
		CD1947E222827E8C00057FDB /* Assets.xcassets */ = {isa = PBXFileReference; lastKnownFileType = folder.assetcatalog; path = Assets.xcassets; sourceTree = "<group>"; };
		CD1947E522827E8C00057FDB /* Base */ = {isa = PBXFileReference; lastKnownFileType = file.storyboard; name = Base; path = Base.lproj/LaunchScreen.storyboard; sourceTree = "<group>"; };
		CD1947E722827E8C00057FDB /* Info.plist */ = {isa = PBXFileReference; lastKnownFileType = text.plist.xml; path = Info.plist; sourceTree = "<group>"; };
		CD1947ED22828DE100057FDB /* RootTableViewController.swift */ = {isa = PBXFileReference; lastKnownFileType = sourcecode.swift; path = RootTableViewController.swift; sourceTree = "<group>"; };
		CD1947EF22828DF100057FDB /* SaveViewController.swift */ = {isa = PBXFileReference; lastKnownFileType = sourcecode.swift; path = SaveViewController.swift; sourceTree = "<group>"; };
/* End PBXFileReference section */

/* Begin PBXFrameworksBuildPhase section */
		CD1947D222827E8A00057FDB /* Frameworks */ = {
			isa = PBXFrameworksBuildPhase;
			buildActionMask = 2147483647;
			files = (
			);
			runOnlyForDeploymentPostprocessing = 0;
		};
/* End PBXFrameworksBuildPhase section */

/* Begin PBXGroup section */
		CD1947CC22827E8A00057FDB = {
			isa = PBXGroup;
			children = (
				CD1947D722827E8A00057FDB /* lap09coreData */,
				CD1947D622827E8A00057FDB /* Products */,
			);
			sourceTree = "<group>";
		};
		CD1947D622827E8A00057FDB /* Products */ = {
			isa = PBXGroup;
			children = (
				CD1947D522827E8A00057FDB /* lap09coreData.app */,
			);
			name = Products;
			sourceTree = "<group>";
		};
		CD1947D722827E8A00057FDB /* lap09coreData */ = {
			isa = PBXGroup;
			children = (
				CD1947D822827E8A00057FDB /* AppDelegate.swift */,
				CD1947DC22827E8B00057FDB /* Main.storyboard */,
				CD1947E222827E8C00057FDB /* Assets.xcassets */,
				CD1947E422827E8C00057FDB /* LaunchScreen.storyboard */,
				CD1947E722827E8C00057FDB /* Info.plist */,
				CD1947DF22827E8B00057FDB /* lap09coreData.xcdatamodeld */,
				CD1947ED22828DE100057FDB /* RootTableViewController.swift */,
				CD1947EF22828DF100057FDB /* SaveViewController.swift */,
			);
			path = lap09coreData;
			sourceTree = "<group>";
		};
/* End PBXGroup section */

/* Begin PBXNativeTarget section */
		CD1947D422827E8A00057FDB /* lap09coreData */ = {
			isa = PBXNativeTarget;
			buildConfigurationList = CD1947EA22827E8C00057FDB /* Build configuration list for PBXNativeTarget "lap09coreData" */;
			buildPhases = (
				CD1947D122827E8A00057FDB /* Sources */,
				CD1947D222827E8A00057FDB /* Frameworks */,
				CD1947D322827E8A00057FDB /* Resources */,
			);
			buildRules = (
			);
			dependencies = (
			);
			name = lap09coreData;
			productName = lap09coreData;
			productReference = CD1947D522827E8A00057FDB /* lap09coreData.app */;
			productType = "com.apple.product-type.application";
		};
/* End PBXNativeTarget section */

/* Begin PBXProject section */
		CD1947CD22827E8A00057FDB /* Project object */ = {
			isa = PBXProject;
			attributes = {
				LastSwiftUpdateCheck = 1010;
				LastUpgradeCheck = 1010;
				ORGANIZATIONNAME = SWUCOMPUTER;
				TargetAttributes = {
					CD1947D422827E8A00057FDB = {
						CreatedOnToolsVersion = 10.1;
					};
				};
			};
			buildConfigurationList = CD1947D022827E8A00057FDB /* Build configuration list for PBXProject "lap09coreData" */;
			compatibilityVersion = "Xcode 9.3";
			developmentRegion = en;
			hasScannedForEncodings = 0;
			knownRegions = (
				en,
				Base,
			);
			mainGroup = CD1947CC22827E8A00057FDB;
			productRefGroup = CD1947D622827E8A00057FDB /* Products */;
			projectDirPath = "";
			projectRoot = "";
			targets = (
				CD1947D422827E8A00057FDB /* lap09coreData */,
			);
		};
/* End PBXProject section */

/* Begin PBXResourcesBuildPhase section */
		CD1947D322827E8A00057FDB /* Resources */ = {
			isa = PBXResourcesBuildPhase;
			buildActionMask = 2147483647;
			files = (
				CD1947E622827E8C00057FDB /* LaunchScreen.storyboard in Resources */,
				CD1947E322827E8C00057FDB /* Assets.xcassets in Resources */,
				CD1947DE22827E8B00057FDB /* Main.storyboard in Resources */,
			);
			runOnlyForDeploymentPostprocessing = 0;
		};
/* End PBXResourcesBuildPhase section */

/* Begin PBXSourcesBuildPhase section */
		CD1947D122827E8A00057FDB /* Sources */ = {
			isa = PBXSourcesBuildPhase;
			buildActionMask = 2147483647;
			files = (
				CD1947E122827E8B00057FDB /* lap09coreData.xcdatamodeld in Sources */,
				CD1947F022828DF100057FDB /* SaveViewController.swift in Sources */,
				CD1947EE22828DE100057FDB /* RootTableViewController.swift in Sources */,
				CD1947D922827E8A00057FDB /* AppDelegate.swift in Sources */,
			);
			runOnlyForDeploymentPostprocessing = 0;
		};
/* End PBXSourcesBuildPhase section */

/* Begin PBXVariantGroup section */
		CD1947DC22827E8B00057FDB /* Main.storyboard */ = {
			isa = PBXVariantGroup;
			children = (
				CD1947DD22827E8B00057FDB /* Base */,
			);
			name = Main.storyboard;
			sourceTree = "<group>";
		};
		CD1947E422827E8C00057FDB /* LaunchScreen.storyboard */ = {
			isa = PBXVariantGroup;
			children = (
				CD1947E522827E8C00057FDB /* Base */,
			);
			name = LaunchScreen.storyboard;
			sourceTree = "<group>";
		};
/* End PBXVariantGroup section */

/* Begin XCBuildConfiguration section */
		CD1947E822827E8C00057FDB /* Debug */ = {
			isa = XCBuildConfiguration;
			buildSettings = {
				ALWAYS_SEARCH_USER_PATHS = NO;
				CLANG_ANALYZER_NONNULL = YES;
				CLANG_ANALYZER_NUMBER_OBJECT_CONVERSION = YES_AGGRESSIVE;
				CLANG_CXX_LANGUAGE_STANDARD = "gnu++14";
				CLANG_CXX_LIBRARY = "libc++";
				CLANG_ENABLE_MODULES = YES;
				CLANG_ENABLE_OBJC_ARC = YES;
				CLANG_ENABLE_OBJC_WEAK = YES;
				CLANG_WARN_BLOCK_CAPTURE_AUTORELEASING = YES;
				CLANG_WARN_BOOL_CONVERSION = YES;
				CLANG_WARN_COMMA = YES;
				CLANG_WARN_CONSTANT_CONVERSION = YES;
				CLANG_WARN_DEPRECATED_OBJC_IMPLEMENTATIONS = YES;
				CLANG_WARN_DIRECT_OBJC_ISA_USAGE = YES_ERROR;
				CLANG_WARN_DOCUMENTATION_COMMENTS = YES;
				CLANG_WARN_EMPTY_BODY = YES;
				CLANG_WARN_ENUM_CONVERSION = YES;
				CLANG_WARN_INFINITE_RECURSION = YES;
				CLANG_WARN_INT_CONVERSION = YES;
				CLANG_WARN_NON_LITERAL_NULL_CONVERSION = YES;
				CLANG_WARN_OBJC_IMPLICIT_RETAIN_SELF = YES;
				CLANG_WARN_OBJC_LITERAL_CONVERSION = YES;
				CLANG_WARN_OBJC_ROOT_CLASS = YES_ERROR;
				CLANG_WARN_RANGE_LOOP_ANALYSIS = YES;
				CLANG_WARN_STRICT_PROTOTYPES = YES;
				CLANG_WARN_SUSPICIOUS_MOVE = YES;
				CLANG_WARN_UNGUARDED_AVAILABILITY = YES_AGGRESSIVE;
				CLANG_WARN_UNREACHABLE_CODE = YES;
				CLANG_WARN__DUPLICATE_METHOD_MATCH = YES;
				CODE_SIGN_IDENTITY = "iPhone Developer";
				COPY_PHASE_STRIP = NO;
				DEBUG_INFORMATION_FORMAT = dwarf;
				ENABLE_STRICT_OBJC_MSGSEND = YES;
				ENABLE_TESTABILITY = YES;
				GCC_C_LANGUAGE_STANDARD = gnu11;
				GCC_DYNAMIC_NO_PIC = NO;
				GCC_NO_COMMON_BLOCKS = YES;
				GCC_OPTIMIZATION_LEVEL = 0;
				GCC_PREPROCESSOR_DEFINITIONS = (
					"DEBUG=1",
					"$(inherited)",
				);
				GCC_WARN_64_TO_32_BIT_CONVERSION = YES;
				GCC_WARN_ABOUT_RETURN_TYPE = YES_ERROR;
				GCC_WARN_UNDECLARED_SELECTOR = YES;
				GCC_WARN_UNINITIALIZED_AUTOS = YES_AGGRESSIVE;
				GCC_WARN_UNUSED_FUNCTION = YES;
				GCC_WARN_UNUSED_VARIABLE = YES;
				IPHONEOS_DEPLOYMENT_TARGET = 12.1;
				MTL_ENABLE_DEBUG_INFO = INCLUDE_SOURCE;
				MTL_FAST_MATH = YES;
				ONLY_ACTIVE_ARCH = YES;
				SDKROOT = iphoneos;
				SWIFT_ACTIVE_COMPILATION_CONDITIONS = DEBUG;
				SWIFT_OPTIMIZATION_LEVEL = "-Onone";
			};
			name = Debug;
		};
		CD1947E922827E8C00057FDB /* Release */ = {
			isa = XCBuildConfiguration;
			buildSettings = {
				ALWAYS_SEARCH_USER_PATHS = NO;
				CLANG_ANALYZER_NONNULL = YES;
				CLANG_ANALYZER_NUMBER_OBJECT_CONVERSION = YES_AGGRESSIVE;
				CLANG_CXX_LANGUAGE_STANDARD = "gnu++14";
				CLANG_CXX_LIBRARY = "libc++";
				CLANG_ENABLE_MODULES = YES;
				CLANG_ENABLE_OBJC_ARC = YES;
				CLANG_ENABLE_OBJC_WEAK = YES;
				CLANG_WARN_BLOCK_CAPTURE_AUTORELEASING = YES;
				CLANG_WARN_BOOL_CONVERSION = YES;
				CLANG_WARN_COMMA = YES;
				CLANG_WARN_CONSTANT_CONVERSION = YES;
				CLANG_WARN_DEPRECATED_OBJC_IMPLEMENTATIONS = YES;
				CLANG_WARN_DIRECT_OBJC_ISA_USAGE = YES_ERROR;
				CLANG_WARN_DOCUMENTATION_COMMENTS = YES;
				CLANG_WARN_EMPTY_BODY = YES;
				CLANG_WARN_ENUM_CONVERSION = YES;
				CLANG_WARN_INFINITE_RECURSION = YES;
				CLANG_WARN_INT_CONVERSION = YES;
				CLANG_WARN_NON_LITERAL_NULL_CONVERSION = YES;
				CLANG_WARN_OBJC_IMPLICIT_RETAIN_SELF = YES;
				CLANG_WARN_OBJC_LITERAL_CONVERSION = YES;
				CLANG_WARN_OBJC_ROOT_CLASS = YES_ERROR;
				CLANG_WARN_RANGE_LOOP_ANALYSIS = YES;
				CLANG_WARN_STRICT_PROTOTYPES = YES;
				CLANG_WARN_SUSPICIOUS_MOVE = YES;
				CLANG_WARN_UNGUARDED_AVAILABILITY = YES_AGGRESSIVE;
				CLANG_WARN_UNREACHABLE_CODE = YES;
				CLANG_WARN__DUPLICATE_METHOD_MATCH = YES;
				CODE_SIGN_IDENTITY = "iPhone Developer";
				COPY_PHASE_STRIP = NO;
				DEBUG_INFORMATION_FORMAT = "dwarf-with-dsym";
				ENABLE_NS_ASSERTIONS = NO;
				ENABLE_STRICT_OBJC_MSGSEND = YES;
				GCC_C_LANGUAGE_STANDARD = gnu11;
				GCC_NO_COMMON_BLOCKS = YES;
				GCC_WARN_64_TO_32_BIT_CONVERSION = YES;
				GCC_WARN_ABOUT_RETURN_TYPE = YES_ERROR;
				GCC_WARN_UNDECLARED_SELECTOR = YES;
				GCC_WARN_UNINITIALIZED_AUTOS = YES_AGGRESSIVE;
				GCC_WARN_UNUSED_FUNCTION = YES;
				GCC_WARN_UNUSED_VARIABLE = YES;
				IPHONEOS_DEPLOYMENT_TARGET = 12.1;
				MTL_ENABLE_DEBUG_INFO = NO;
				MTL_FAST_MATH = YES;
				SDKROOT = iphoneos;
				SWIFT_COMPILATION_MODE = wholemodule;
				SWIFT_OPTIMIZATION_LEVEL = "-O";
				VALIDATE_PRODUCT = YES;
			};
			name = Release;
		};
		CD1947EB22827E8C00057FDB /* Debug */ = {
			isa = XCBuildConfiguration;
			buildSettings = {
				ASSETCATALOG_COMPILER_APPICON_NAME = AppIcon;
				CODE_SIGN_STYLE = Automatic;
				INFOPLIST_FILE = lap09coreData/Info.plist;
				LD_RUNPATH_SEARCH_PATHS = (
					"$(inherited)",
					"@executable_path/Frameworks",
				);
				PRODUCT_BUNDLE_IDENTIFIER = swu.ac.kr.lap09coreData;
				PRODUCT_NAME = "$(TARGET_NAME)";
				SWIFT_VERSION = 4.2;
				TARGETED_DEVICE_FAMILY = "1,2";
			};
			name = Debug;
		};
		CD1947EC22827E8C00057FDB /* Release */ = {
			isa = XCBuildConfiguration;
			buildSettings = {
				ASSETCATALOG_COMPILER_APPICON_NAME = AppIcon;
				CODE_SIGN_STYLE = Automatic;
				INFOPLIST_FILE = lap09coreData/Info.plist;
				LD_RUNPATH_SEARCH_PATHS = (
					"$(inherited)",
					"@executable_path/Frameworks",
				);
				PRODUCT_BUNDLE_IDENTIFIER = swu.ac.kr.lap09coreData;
				PRODUCT_NAME = "$(TARGET_NAME)";
				SWIFT_VERSION = 4.2;
				TARGETED_DEVICE_FAMILY = "1,2";
			};
			name = Release;
		};
/* End XCBuildConfiguration section */

/* Begin XCConfigurationList section */
		CD1947D022827E8A00057FDB /* Build configuration list for PBXProject "lap09coreData" */ = {
			isa = XCConfigurationList;
			buildConfigurations = (
				CD1947E822827E8C00057FDB /* Debug */,
				CD1947E922827E8C00057FDB /* Release */,
			);
			defaultConfigurationIsVisible = 0;
			defaultConfigurationName = Release;
		};
		CD1947EA22827E8C00057FDB /* Build configuration list for PBXNativeTarget "lap09coreData" */ = {
			isa = XCConfigurationList;
			buildConfigurations = (
				CD1947EB22827E8C00057FDB /* Debug */,
				CD1947EC22827E8C00057FDB /* Release */,
			);
			defaultConfigurationIsVisible = 0;
			defaultConfigurationName = Release;
		};
/* End XCConfigurationList section */

/* Begin XCVersionGroup section */
		CD1947DF22827E8B00057FDB /* lap09coreData.xcdatamodeld */ = {
			isa = XCVersionGroup;
			children = (
				CD1947E022827E8B00057FDB /* lap09coreData.xcdatamodel */,
			);
			currentVersion = CD1947E022827E8B00057FDB /* lap09coreData.xcdatamodel */;
			path = lap09coreData.xcdatamodeld;
			sourceTree = "<group>";
			versionGroupType = wrapper.xcdatamodel;
		};
/* End XCVersionGroup section */
	};
	rootObject = CD1947CD22827E8A00057FDB /* Project object */;
}
